# Generated by pub
# See https://dart.dev/tools/pub/glossary#lockfile
packages:
  actionlib_msgs:
    dependency: transitive
    description:
      name: actionlib_msgs
      url: "https://pub.dartlang.org"
    source: hosted
    version: "0.0.3+2"
  buffer:
    dependency: "direct main"
    description:
      name: buffer
      url: "https://pub.dartlang.org"
    source: hosted
    version: "1.1.1"
  characters:
    dependency: transitive
    description:
      name: characters
      url: "https://pub.dartlang.org"
    source: hosted
    version: "1.2.1"
  charcode:
    dependency: transitive
    description:
      name: charcode
      url: "https://pub.dartlang.org"
    source: hosted
    version: "1.3.1"
  collection:
    dependency: transitive
    description:
      name: collection
      url: "https://pub.dartlang.org"
    source: hosted
    version: "1.16.0"
  convert:
    dependency: transitive
    description:
      name: convert
      url: "https://pub.dartlang.org"
    source: hosted
    version: "2.1.1"
  crypto:
    dependency: transitive
    description:
      name: crypto
      url: "https://pub.dartlang.org"
    source: hosted
    version: "2.1.5"
  dartros:
    dependency: "direct main"
    description:
      name: dartros
      url: "https://pub.dartlang.org"
    source: hosted
    version: "0.0.5+5"
  dartx:
    dependency: transitive
    description:
      name: dartx
      url: "https://pub.dartlang.org"
    source: hosted
    version: "0.5.0"
  freezed_annotation:
    dependency: transitive
    description:
      name: freezed_annotation
      url: "https://pub.dartlang.org"
    source: hosted
    version: "0.15.0"
  geometry_msgs:
    dependency: "direct main"
    description:
      name: geometry_msgs
      url: "https://pub.dartlang.org"
    source: hosted
    version: "0.0.3"
  http:
    dependency: transitive
    description:
      name: http
      url: "https://pub.dartlang.org"
    source: hosted
    version: "0.12.2"
  http_parser:
    dependency: transitive
    description:
      name: http_parser
      url: "https://pub.dartlang.org"
    source: hosted
    version: "3.1.4"
  json_annotation:
    dependency: transitive
    description:
      name: json_annotation
      url: "https://pub.dartlang.org"
    source: hosted
    version: "4.6.0"
  logger:
    dependency: transitive
    description:
      name: logger
      url: "https://pub.dartlang.org"
    source: hosted
    version: "0.9.4"
  meta:
    dependency: transitive
    description:
      name: meta
      url: "https://pub.dartlang.org"
    source: hosted
    version: "1.8.0"
  path:
    dependency: transitive
    description:
      name: path
      url: "https://pub.dartlang.org"
    source: hosted
    version: "1.8.2"
  pedantic:
    dependency: transitive
    description:
      name: pedantic
      url: "https://pub.dartlang.org"
    source: hosted
    version: "1.11.1"
  petitparser:
    dependency: transitive
    description:
      name: petitparser
      url: "https://pub.dartlang.org"
    source: hosted
    version: "3.1.0"
  rosgraph_msgs:
    dependency: transitive
    description:
      name: rosgraph_msgs
      url: "https://pub.dartlang.org"
    source: hosted
    version: "0.0.3"
  rxdart:
    dependency: transitive
    description:
      name: rxdart
      url: "https://pub.dartlang.org"
    source: hosted
    version: "0.25.0"
  source_span:
    dependency: transitive
    description:
      name: source_span
      url: "https://pub.dartlang.org"
    source: hosted
    version: "1.9.1"
  std_msgs:
    dependency: "direct main"
    description:
      name: std_msgs
      url: "https://pub.dartlang.org"
    source: hosted
    version: "0.0.3"
  string_scanner:
    dependency: transitive
    description:
      name: string_scanner
      url: "https://pub.dartlang.org"
    source: hosted
    version: "1.1.1"
  string_validator:
    dependency: transitive
    description:
      name: string_validator
      url: "https://pub.dartlang.org"
    source: hosted
    version: "0.1.4"
  term_glyph:
    dependency: transitive
    description:
      name: term_glyph
      url: "https://pub.dartlang.org"
    source: hosted
    version: "1.2.1"
  time:
    dependency: transitive
    description:
      name: time
      url: "https://pub.dartlang.org"
    source: hosted
    version: "1.4.1"
  typed_data:
    dependency: transitive
    description:
      name: typed_data
      url: "https://pub.dartlang.org"
    source: hosted
    version: "1.3.1"
  xml:
    dependency: transitive
    description:
      name: xml
      url: "https://pub.dartlang.org"
    source: hosted
    version: "4.5.1"
  xml_rpc:
    dependency: transitive
    description:
      name: xml_rpc
      url: "https://pub.dartlang.org"
    source: hosted
    version: "0.3.0"
sdks:
  dart: ">=2.14.0 <3.0.0"
