# Generated by pub
# See https://dart.dev/tools/pub/glossary#lockfile
packages:
  actionlib_msgs:
    dependency: transitive
    description:
      name: actionlib_msgs
      url: "https://pub.dartlang.org"
    source: hosted
    version: "0.1.0"
  async:
    dependency: transitive
    description:
      name: async
      url: "https://pub.dartlang.org"
    source: hosted
    version: "2.11.0"
  buffer:
    dependency: "direct main"
    description:
      name: buffer
      url: "https://pub.dartlang.org"
    source: hosted
    version: "1.2.0"
  characters:
    dependency: transitive
    description:
      name: characters
      url: "https://pub.dartlang.org"
    source: hosted
    version: "1.3.0"
  clock:
    dependency: transitive
    description:
      name: clock
      url: "https://pub.dartlang.org"
    source: hosted
    version: "1.1.1"
  collection:
    dependency: transitive
    description:
      name: collection
      url: "https://pub.dartlang.org"
    source: hosted
    version: "1.17.1"
  crypto:
    dependency: transitive
    description:
      name: crypto
      url: "https://pub.dartlang.org"
    source: hosted
    version: "3.0.2"
  dartros:
    dependency: "direct main"
    description:
      name: dartros
      url: "https://pub.dartlang.org"
    source: hosted
    version: "0.1.6"
  dartros_msgutils:
    dependency: transitive
    description:
      name: dartros_msgutils
      url: "https://pub.dartlang.org"
    source: hosted
    version: "0.1.0+2"
  dartx:
    dependency: transitive
    description:
      name: dartx
      url: "https://pub.dartlang.org"
    source: hosted
    version: "1.1.0"
  freezed_annotation:
    dependency: transitive
    description:
      name: freezed_annotation
      url: "https://pub.dartlang.org"
    source: hosted
    version: "2.2.0"
  geometry_msgs:
    dependency: "direct main"
    description:
      name: geometry_msgs
      url: "https://pub.dartlang.org"
    source: hosted
    version: "0.1.0"
  http:
    dependency: transitive
    description:
      name: http
      url: "https://pub.dartlang.org"
    source: hosted
    version: "0.13.5"
  http_parser:
    dependency: transitive
    description:
      name: http_parser
      url: "https://pub.dartlang.org"
    source: hosted
    version: "4.0.2"
  json_annotation:
    dependency: transitive
    description:
      name: json_annotation
      url: "https://pub.dartlang.org"
    source: hosted
    version: "4.8.0"
  logger:
    dependency: transitive
    description:
      name: logger
      url: "https://pub.dartlang.org"
    source: hosted
    version: "1.3.0"
  meta:
    dependency: transitive
    description:
      name: meta
      url: "https://pub.dartlang.org"
    source: hosted
    version: "1.9.0"
  path:
    dependency: transitive
    description:
      name: path
      url: "https://pub.dartlang.org"
    source: hosted
    version: "1.8.3"
  petitparser:
    dependency: transitive
    description:
      name: petitparser
      url: "https://pub.dartlang.org"
    source: hosted
    version: "5.1.0"
  rosgraph_msgs:
    dependency: transitive
    description:
      name: rosgraph_msgs
      url: "https://pub.dartlang.org"
    source: hosted
    version: "0.1.0"
  rxdart:
    dependency: transitive
    description:
      name: rxdart
      url: "https://pub.dartlang.org"
    source: hosted
    version: "0.27.7"
  source_span:
    dependency: transitive
    description:
      name: source_span
      url: "https://pub.dartlang.org"
    source: hosted
    version: "1.9.1"
  std_msgs:
    dependency: "direct main"
    description:
      name: std_msgs
      url: "https://pub.dartlang.org"
    source: hosted
    version: "0.1.0"
  string_scanner:
    dependency: transitive
    description:
      name: string_scanner
      url: "https://pub.dartlang.org"
    source: hosted
    version: "1.2.0"
  string_validator:
    dependency: transitive
    description:
      name: string_validator
      url: "https://pub.dartlang.org"
    source: hosted
    version: "0.3.0"
  term_glyph:
    dependency: transitive
    description:
      name: term_glyph
      url: "https://pub.dartlang.org"
    source: hosted
    version: "1.2.1"
  time:
    dependency: transitive
    description:
      name: time
      url: "https://pub.dartlang.org"
    source: hosted
    version: "2.1.3"
  typed_data:
    dependency: transitive
    description:
      name: typed_data
      url: "https://pub.dartlang.org"
    source: hosted
    version: "1.3.1"
  xml:
    dependency: transitive
    description:
      name: xml
      url: "https://pub.dartlang.org"
    source: hosted
    version: "5.4.1"
  xml_rpc:
    dependency: transitive
    description:
      name: xml_rpc
      url: "https://pub.dartlang.org"
    source: hosted
    version: "0.4.0"
sdks:
  dart: ">=2.18.0 <3.0.0"
